
Microsoft Visual Studio Solution File, Format Version 12.00
# Visual Studio Version 17
VisualStudioVersion = 17.1.32407.343
MinimumVisualStudioVersion = 10.0.40219.1
Project("{8BC9CEB8-8B4A-11D0-8D11-00A0C91BC942}") = "calc", "calc\calc.vcxproj", "{DE2DA7D1-C8BC-44F9-9037-77CC5CD8C2AB}"
EndProject
Project("{8BC9CEB8-8B4A-11D0-8D11-00A0C91BC942}") = "b fash", "b fash\b fash.vcxproj", "{2286F50D-F984-4AC4-8B17-807A66659BE3}"
EndProject
Project("{8BC9CEB8-8B4A-11D0-8D11-00A0C91BC942}") = "arxeia (fstream)", "arxeia\arxeia.vcxproj", "{355BBF0A-6D80-4CB8-BEC5-905E76B81C1B}"
EndProject
Project("{8BC9CEB8-8B4A-11D0-8D11-00A0C91BC942}") = "askhsh1", "askhseis\askhseis.vcxproj", "{13AEC29E-41C0-4595-A704-8D29B5326154}"
EndProject
Project("{8BC9CEB8-8B4A-11D0-8D11-00A0C91BC942}") = "klaseisAskhsh", "klaseis\klaseis.vcxproj", "{44D2E85C-3A8C-48DA-AEB2-74E213BC3E62}"
EndProject
Project("{8BC9CEB8-8B4A-11D0-8D11-00A0C91BC942}") = "constructors", "constructors\constructors.vcxproj", "{33D7A5DF-665A-48F8-96EE-682C9CA203CD}"
EndProject
Project("{8BC9CEB8-8B4A-11D0-8D11-00A0C91BC942}") = "klhronomiktotha", "klhronomiktotha\klhronomiktotha.vcxproj", "{476EB642-8E8C-4834-A40F-5B9D91A5501B}"
EndProject
Project("{8BC9CEB8-8B4A-11D0-8D11-00A0C91BC942}") = "kryptografhsh", "kryptografhsh\kryptografhsh.vcxproj", "{2B755D4F-DC05-4A1E-8C4B-58F9FF62A51B}"
EndProject
Project("{8BC9CEB8-8B4A-11D0-8D11-00A0C91BC942}") = "test", "test\test.vcxproj", "{E11092C8-07B6-4AA0-99FA-EF35697519AB}"
EndProject
Project("{8BC9CEB8-8B4A-11D0-8D11-00A0C91BC942}") = "passGen", "passGen\passGen.vcxproj", "{1F8B5211-9011-4CDA-8F10-EFDFD7D73976}"
EndProject
Project("{8BC9CEB8-8B4A-11D0-8D11-00A0C91BC942}") = "polumorfismos", "polumorfismos\polumorfismos.vcxproj", "{B8F4F4C3-4503-4307-A374-02ADFF00CF28}"
EndProject
Project("{8BC9CEB8-8B4A-11D0-8D11-00A0C91BC942}") = "GetsSetsAskhsh", "set get\set get.vcxproj", "{0F2557E3-663E-4EB1-AB43-426899E023BA}"
EndProject
Project("{8BC9CEB8-8B4A-11D0-8D11-00A0C91BC942}") = "askhshConstructors", "askhshConstructors\askhshConstructors.vcxproj", "{5E61E054-D811-4835-A25B-FDDB649A902D}"
EndProject
Project("{8BC9CEB8-8B4A-11D0-8D11-00A0C91BC942}") = "methods", "methods\methods.vcxproj", "{8FF35646-A3DA-49A1-ABE4-BFD46B97E181}"
EndProject
Project("{8BC9CEB8-8B4A-11D0-8D11-00A0C91BC942}") = "klhronomikothtaAskhsh", "klhronomikothtaAskhsh\klhronomikothtaAskhsh.vcxproj", "{C58C508B-317C-4807-BBA4-4A3D8765A760}"
EndProject
Project("{8BC9CEB8-8B4A-11D0-8D11-00A0C91BC942}") = "klhronomikothtaTouConstructor", "klhronomikothtaTouConstructor\klhronomikothtaTouConstructor.vcxproj", "{C4BF61F0-D1A2-4E35-88A9-F66C8006E551}"
EndProject
Project("{8BC9CEB8-8B4A-11D0-8D11-00A0C91BC942}") = "polumorfismosAskhsh", "polumorfismosAskhsh\polumorfismosAskhsh.vcxproj", "{C6DC3F3F-7E5A-49BF-85F8-C8D1C946E895}"
EndProject
Project("{8BC9CEB8-8B4A-11D0-8D11-00A0C91BC942}") = "public and private (klaseis - sets gets)", "public and private (klaseis - sets gets)\public and private (klaseis - sets gets).vcxproj", "{0A2A39A1-969F-4D16-9641-E71D7E6A0487}"
EndProject
Project("{8BC9CEB8-8B4A-11D0-8D11-00A0C91BC942}") = "200StrofhMeLeneMama", "200StrofhMeLeneMama\200StrofhMeLeneMama.vcxproj", "{4A7DB1AD-29C6-46E9-9995-4EB16E82C683}"
EndProject
Project("{8BC9CEB8-8B4A-11D0-8D11-00A0C91BC942}") = "hangman", "hangman\hangman.vcxproj", "{BD660910-B3A8-495F-90D2-7CCCB3DED9A8}"
EndProject
Project("{8BC9CEB8-8B4A-11D0-8D11-00A0C91BC942}") = "Windows Commands", "Windows Commands\Windows Commands.vcxproj", "{98DC49B2-EB18-4F0A-811D-DA9AEF7C4C31}"
EndProject
Project("{8BC9CEB8-8B4A-11D0-8D11-00A0C91BC942}") = "testing", "testing\testing.vcxproj", "{A2296872-96D7-4197-AEF9-2AE7C0407F36}"
EndProject
Project("{8BC9CEB8-8B4A-11D0-8D11-00A0C91BC942}") = "ArxeiaAskhsh", "ArxeiaAskhsh\ArxeiaAskhsh.vcxproj", "{E2D0C77F-1AEA-49FD-9877-4D4CE559F532}"
EndProject
Project("{8BC9CEB8-8B4A-11D0-8D11-00A0C91BC942}") = "fidaki", "Diagwnisma\Diagwnisma.vcxproj", "{2F30C82B-8F91-4BDE-8620-425024ECA89D}"
EndProject
Global
	GlobalSection(SolutionConfigurationPlatforms) = preSolution
		Debug|x64 = Debug|x64
		Debug|x86 = Debug|x86
		Release|x64 = Release|x64
		Release|x86 = Release|x86
	EndGlobalSection
	GlobalSection(ProjectConfigurationPlatforms) = postSolution
		{DE2DA7D1-C8BC-44F9-9037-77CC5CD8C2AB}.Debug|x64.ActiveCfg = Debug|x64
		{DE2DA7D1-C8BC-44F9-9037-77CC5CD8C2AB}.Debug|x64.Build.0 = Debug|x64
		{DE2DA7D1-C8BC-44F9-9037-77CC5CD8C2AB}.Debug|x86.ActiveCfg = Debug|Win32
		{DE2DA7D1-C8BC-44F9-9037-77CC5CD8C2AB}.Debug|x86.Build.0 = Debug|Win32
		{DE2DA7D1-C8BC-44F9-9037-77CC5CD8C2AB}.Release|x64.ActiveCfg = Release|x64
		{DE2DA7D1-C8BC-44F9-9037-77CC5CD8C2AB}.Release|x64.Build.0 = Release|x64
		{DE2DA7D1-C8BC-44F9-9037-77CC5CD8C2AB}.Release|x86.ActiveCfg = Release|Win32
		{DE2DA7D1-C8BC-44F9-9037-77CC5CD8C2AB}.Release|x86.Build.0 = Release|Win32
		{2286F50D-F984-4AC4-8B17-807A66659BE3}.Debug|x64.ActiveCfg = Debug|x64
		{2286F50D-F984-4AC4-8B17-807A66659BE3}.Debug|x64.Build.0 = Debug|x64
		{2286F50D-F984-4AC4-8B17-807A66659BE3}.Debug|x86.ActiveCfg = Debug|Win32
		{2286F50D-F984-4AC4-8B17-807A66659BE3}.Debug|x86.Build.0 = Debug|Win32
		{2286F50D-F984-4AC4-8B17-807A66659BE3}.Release|x64.ActiveCfg = Release|x64
		{2286F50D-F984-4AC4-8B17-807A66659BE3}.Release|x64.Build.0 = Release|x64
		{2286F50D-F984-4AC4-8B17-807A66659BE3}.Release|x86.ActiveCfg = Release|Win32
		{2286F50D-F984-4AC4-8B17-807A66659BE3}.Release|x86.Build.0 = Release|Win32
		{355BBF0A-6D80-4CB8-BEC5-905E76B81C1B}.Debug|x64.ActiveCfg = Debug|x64
		{355BBF0A-6D80-4CB8-BEC5-905E76B81C1B}.Debug|x64.Build.0 = Debug|x64
		{355BBF0A-6D80-4CB8-BEC5-905E76B81C1B}.Debug|x86.ActiveCfg = Debug|Win32
		{355BBF0A-6D80-4CB8-BEC5-905E76B81C1B}.Debug|x86.Build.0 = Debug|Win32
		{355BBF0A-6D80-4CB8-BEC5-905E76B81C1B}.Release|x64.ActiveCfg = Release|x64
		{355BBF0A-6D80-4CB8-BEC5-905E76B81C1B}.Release|x64.Build.0 = Release|x64
		{355BBF0A-6D80-4CB8-BEC5-905E76B81C1B}.Release|x86.ActiveCfg = Release|Win32
		{355BBF0A-6D80-4CB8-BEC5-905E76B81C1B}.Release|x86.Build.0 = Release|Win32
		{13AEC29E-41C0-4595-A704-8D29B5326154}.Debug|x64.ActiveCfg = Debug|x64
		{13AEC29E-41C0-4595-A704-8D29B5326154}.Debug|x64.Build.0 = Debug|x64
		{13AEC29E-41C0-4595-A704-8D29B5326154}.Debug|x86.ActiveCfg = Debug|Win32
		{13AEC29E-41C0-4595-A704-8D29B5326154}.Debug|x86.Build.0 = Debug|Win32
		{13AEC29E-41C0-4595-A704-8D29B5326154}.Release|x64.ActiveCfg = Release|x64
		{13AEC29E-41C0-4595-A704-8D29B5326154}.Release|x64.Build.0 = Release|x64
		{13AEC29E-41C0-4595-A704-8D29B5326154}.Release|x86.ActiveCfg = Release|Win32
		{13AEC29E-41C0-4595-A704-8D29B5326154}.Release|x86.Build.0 = Release|Win32
		{44D2E85C-3A8C-48DA-AEB2-74E213BC3E62}.Debug|x64.ActiveCfg = Debug|x64
		{44D2E85C-3A8C-48DA-AEB2-74E213BC3E62}.Debug|x64.Build.0 = Debug|x64
		{44D2E85C-3A8C-48DA-AEB2-74E213BC3E62}.Debug|x86.ActiveCfg = Debug|Win32
		{44D2E85C-3A8C-48DA-AEB2-74E213BC3E62}.Debug|x86.Build.0 = Debug|Win32
		{44D2E85C-3A8C-48DA-AEB2-74E213BC3E62}.Release|x64.ActiveCfg = Release|x64
		{44D2E85C-3A8C-48DA-AEB2-74E213BC3E62}.Release|x64.Build.0 = Release|x64
		{44D2E85C-3A8C-48DA-AEB2-74E213BC3E62}.Release|x86.ActiveCfg = Release|Win32
		{44D2E85C-3A8C-48DA-AEB2-74E213BC3E62}.Release|x86.Build.0 = Release|Win32
		{33D7A5DF-665A-48F8-96EE-682C9CA203CD}.Debug|x64.ActiveCfg = Debug|x64
		{33D7A5DF-665A-48F8-96EE-682C9CA203CD}.Debug|x64.Build.0 = Debug|x64
		{33D7A5DF-665A-48F8-96EE-682C9CA203CD}.Debug|x86.ActiveCfg = Debug|Win32
		{33D7A5DF-665A-48F8-96EE-682C9CA203CD}.Debug|x86.Build.0 = Debug|Win32
		{33D7A5DF-665A-48F8-96EE-682C9CA203CD}.Release|x64.ActiveCfg = Release|x64
		{33D7A5DF-665A-48F8-96EE-682C9CA203CD}.Release|x64.Build.0 = Release|x64
		{33D7A5DF-665A-48F8-96EE-682C9CA203CD}.Release|x86.ActiveCfg = Release|Win32
		{33D7A5DF-665A-48F8-96EE-682C9CA203CD}.Release|x86.Build.0 = Release|Win32
		{476EB642-8E8C-4834-A40F-5B9D91A5501B}.Debug|x64.ActiveCfg = Debug|x64
		{476EB642-8E8C-4834-A40F-5B9D91A5501B}.Debug|x64.Build.0 = Debug|x64
		{476EB642-8E8C-4834-A40F-5B9D91A5501B}.Debug|x86.ActiveCfg = Debug|Win32
		{476EB642-8E8C-4834-A40F-5B9D91A5501B}.Debug|x86.Build.0 = Debug|Win32
		{476EB642-8E8C-4834-A40F-5B9D91A5501B}.Release|x64.ActiveCfg = Release|x64
		{476EB642-8E8C-4834-A40F-5B9D91A5501B}.Release|x64.Build.0 = Release|x64
		{476EB642-8E8C-4834-A40F-5B9D91A5501B}.Release|x86.ActiveCfg = Release|Win32
		{476EB642-8E8C-4834-A40F-5B9D91A5501B}.Release|x86.Build.0 = Release|Win32
		{2B755D4F-DC05-4A1E-8C4B-58F9FF62A51B}.Debug|x64.ActiveCfg = Release|x64
		{2B755D4F-DC05-4A1E-8C4B-58F9FF62A51B}.Debug|x64.Build.0 = Release|x64
		{2B755D4F-DC05-4A1E-8C4B-58F9FF62A51B}.Debug|x86.ActiveCfg = Debug|Win32
		{2B755D4F-DC05-4A1E-8C4B-58F9FF62A51B}.Debug|x86.Build.0 = Debug|Win32
		{2B755D4F-DC05-4A1E-8C4B-58F9FF62A51B}.Release|x64.ActiveCfg = Release|x64
		{2B755D4F-DC05-4A1E-8C4B-58F9FF62A51B}.Release|x64.Build.0 = Release|x64
		{2B755D4F-DC05-4A1E-8C4B-58F9FF62A51B}.Release|x86.ActiveCfg = Release|Win32
		{2B755D4F-DC05-4A1E-8C4B-58F9FF62A51B}.Release|x86.Build.0 = Release|Win32
		{E11092C8-07B6-4AA0-99FA-EF35697519AB}.Debug|x64.ActiveCfg = Debug|x64
		{E11092C8-07B6-4AA0-99FA-EF35697519AB}.Debug|x64.Build.0 = Debug|x64
		{E11092C8-07B6-4AA0-99FA-EF35697519AB}.Debug|x86.ActiveCfg = Debug|Win32
		{E11092C8-07B6-4AA0-99FA-EF35697519AB}.Debug|x86.Build.0 = Debug|Win32
		{E11092C8-07B6-4AA0-99FA-EF35697519AB}.Release|x64.ActiveCfg = Release|x64
		{E11092C8-07B6-4AA0-99FA-EF35697519AB}.Release|x64.Build.0 = Release|x64
		{E11092C8-07B6-4AA0-99FA-EF35697519AB}.Release|x86.ActiveCfg = Release|Win32
		{E11092C8-07B6-4AA0-99FA-EF35697519AB}.Release|x86.Build.0 = Release|Win32
		{1F8B5211-9011-4CDA-8F10-EFDFD7D73976}.Debug|x64.ActiveCfg = Debug|x64
		{1F8B5211-9011-4CDA-8F10-EFDFD7D73976}.Debug|x64.Build.0 = Debug|x64
		{1F8B5211-9011-4CDA-8F10-EFDFD7D73976}.Debug|x86.ActiveCfg = Debug|Win32
		{1F8B5211-9011-4CDA-8F10-EFDFD7D73976}.Debug|x86.Build.0 = Debug|Win32
		{1F8B5211-9011-4CDA-8F10-EFDFD7D73976}.Release|x64.ActiveCfg = Release|x64
		{1F8B5211-9011-4CDA-8F10-EFDFD7D73976}.Release|x64.Build.0 = Release|x64
		{1F8B5211-9011-4CDA-8F10-EFDFD7D73976}.Release|x86.ActiveCfg = Release|Win32
		{1F8B5211-9011-4CDA-8F10-EFDFD7D73976}.Release|x86.Build.0 = Release|Win32
		{B8F4F4C3-4503-4307-A374-02ADFF00CF28}.Debug|x64.ActiveCfg = Debug|x64
		{B8F4F4C3-4503-4307-A374-02ADFF00CF28}.Debug|x64.Build.0 = Debug|x64
		{B8F4F4C3-4503-4307-A374-02ADFF00CF28}.Debug|x86.ActiveCfg = Debug|Win32
		{B8F4F4C3-4503-4307-A374-02ADFF00CF28}.Debug|x86.Build.0 = Debug|Win32
		{B8F4F4C3-4503-4307-A374-02ADFF00CF28}.Release|x64.ActiveCfg = Release|x64
		{B8F4F4C3-4503-4307-A374-02ADFF00CF28}.Release|x64.Build.0 = Release|x64
		{B8F4F4C3-4503-4307-A374-02ADFF00CF28}.Release|x86.ActiveCfg = Release|Win32
		{B8F4F4C3-4503-4307-A374-02ADFF00CF28}.Release|x86.Build.0 = Release|Win32
		{0F2557E3-663E-4EB1-AB43-426899E023BA}.Debug|x64.ActiveCfg = Debug|x64
		{0F2557E3-663E-4EB1-AB43-426899E023BA}.Debug|x64.Build.0 = Debug|x64
		{0F2557E3-663E-4EB1-AB43-426899E023BA}.Debug|x86.ActiveCfg = Debug|Win32
		{0F2557E3-663E-4EB1-AB43-426899E023BA}.Debug|x86.Build.0 = Debug|Win32
		{0F2557E3-663E-4EB1-AB43-426899E023BA}.Release|x64.ActiveCfg = Release|x64
		{0F2557E3-663E-4EB1-AB43-426899E023BA}.Release|x64.Build.0 = Release|x64
		{0F2557E3-663E-4EB1-AB43-426899E023BA}.Release|x86.ActiveCfg = Release|Win32
		{0F2557E3-663E-4EB1-AB43-426899E023BA}.Release|x86.Build.0 = Release|Win32
		{5E61E054-D811-4835-A25B-FDDB649A902D}.Debug|x64.ActiveCfg = Debug|x64
		{5E61E054-D811-4835-A25B-FDDB649A902D}.Debug|x64.Build.0 = Debug|x64
		{5E61E054-D811-4835-A25B-FDDB649A902D}.Debug|x86.ActiveCfg = Debug|Win32
		{5E61E054-D811-4835-A25B-FDDB649A902D}.Debug|x86.Build.0 = Debug|Win32
		{5E61E054-D811-4835-A25B-FDDB649A902D}.Release|x64.ActiveCfg = Release|x64
		{5E61E054-D811-4835-A25B-FDDB649A902D}.Release|x64.Build.0 = Release|x64
		{5E61E054-D811-4835-A25B-FDDB649A902D}.Release|x86.ActiveCfg = Release|Win32
		{5E61E054-D811-4835-A25B-FDDB649A902D}.Release|x86.Build.0 = Release|Win32
		{8FF35646-A3DA-49A1-ABE4-BFD46B97E181}.Debug|x64.ActiveCfg = Debug|x64
		{8FF35646-A3DA-49A1-ABE4-BFD46B97E181}.Debug|x64.Build.0 = Debug|x64
		{8FF35646-A3DA-49A1-ABE4-BFD46B97E181}.Debug|x86.ActiveCfg = Debug|Win32
		{8FF35646-A3DA-49A1-ABE4-BFD46B97E181}.Debug|x86.Build.0 = Debug|Win32
		{8FF35646-A3DA-49A1-ABE4-BFD46B97E181}.Release|x64.ActiveCfg = Release|x64
		{8FF35646-A3DA-49A1-ABE4-BFD46B97E181}.Release|x64.Build.0 = Release|x64
		{8FF35646-A3DA-49A1-ABE4-BFD46B97E181}.Release|x86.ActiveCfg = Release|Win32
		{8FF35646-A3DA-49A1-ABE4-BFD46B97E181}.Release|x86.Build.0 = Release|Win32
		{C58C508B-317C-4807-BBA4-4A3D8765A760}.Debug|x64.ActiveCfg = Debug|x64
		{C58C508B-317C-4807-BBA4-4A3D8765A760}.Debug|x64.Build.0 = Debug|x64
		{C58C508B-317C-4807-BBA4-4A3D8765A760}.Debug|x86.ActiveCfg = Debug|Win32
		{C58C508B-317C-4807-BBA4-4A3D8765A760}.Debug|x86.Build.0 = Debug|Win32
		{C58C508B-317C-4807-BBA4-4A3D8765A760}.Release|x64.ActiveCfg = Release|x64
		{C58C508B-317C-4807-BBA4-4A3D8765A760}.Release|x64.Build.0 = Release|x64
		{C58C508B-317C-4807-BBA4-4A3D8765A760}.Release|x86.ActiveCfg = Release|Win32
		{C58C508B-317C-4807-BBA4-4A3D8765A760}.Release|x86.Build.0 = Release|Win32
		{C4BF61F0-D1A2-4E35-88A9-F66C8006E551}.Debug|x64.ActiveCfg = Debug|x64
		{C4BF61F0-D1A2-4E35-88A9-F66C8006E551}.Debug|x64.Build.0 = Debug|x64
		{C4BF61F0-D1A2-4E35-88A9-F66C8006E551}.Debug|x86.ActiveCfg = Debug|Win32
		{C4BF61F0-D1A2-4E35-88A9-F66C8006E551}.Debug|x86.Build.0 = Debug|Win32
		{C4BF61F0-D1A2-4E35-88A9-F66C8006E551}.Release|x64.ActiveCfg = Release|x64
		{C4BF61F0-D1A2-4E35-88A9-F66C8006E551}.Release|x64.Build.0 = Release|x64
		{C4BF61F0-D1A2-4E35-88A9-F66C8006E551}.Release|x86.ActiveCfg = Release|Win32
		{C4BF61F0-D1A2-4E35-88A9-F66C8006E551}.Release|x86.Build.0 = Release|Win32
		{C6DC3F3F-7E5A-49BF-85F8-C8D1C946E895}.Debug|x64.ActiveCfg = Debug|x64
		{C6DC3F3F-7E5A-49BF-85F8-C8D1C946E895}.Debug|x64.Build.0 = Debug|x64
		{C6DC3F3F-7E5A-49BF-85F8-C8D1C946E895}.Debug|x86.ActiveCfg = Debug|Win32
		{C6DC3F3F-7E5A-49BF-85F8-C8D1C946E895}.Debug|x86.Build.0 = Debug|Win32
		{C6DC3F3F-7E5A-49BF-85F8-C8D1C946E895}.Release|x64.ActiveCfg = Release|x64
		{C6DC3F3F-7E5A-49BF-85F8-C8D1C946E895}.Release|x64.Build.0 = Release|x64
		{C6DC3F3F-7E5A-49BF-85F8-C8D1C946E895}.Release|x86.ActiveCfg = Release|Win32
		{C6DC3F3F-7E5A-49BF-85F8-C8D1C946E895}.Release|x86.Build.0 = Release|Win32
		{0A2A39A1-969F-4D16-9641-E71D7E6A0487}.Debug|x64.ActiveCfg = Debug|x64
		{0A2A39A1-969F-4D16-9641-E71D7E6A0487}.Debug|x64.Build.0 = Debug|x64
		{0A2A39A1-969F-4D16-9641-E71D7E6A0487}.Debug|x86.ActiveCfg = Debug|Win32
		{0A2A39A1-969F-4D16-9641-E71D7E6A0487}.Debug|x86.Build.0 = Debug|Win32
		{0A2A39A1-969F-4D16-9641-E71D7E6A0487}.Release|x64.ActiveCfg = Release|x64
		{0A2A39A1-969F-4D16-9641-E71D7E6A0487}.Release|x64.Build.0 = Release|x64
		{0A2A39A1-969F-4D16-9641-E71D7E6A0487}.Release|x86.ActiveCfg = Release|Win32
		{0A2A39A1-969F-4D16-9641-E71D7E6A0487}.Release|x86.Build.0 = Release|Win32
		{4A7DB1AD-29C6-46E9-9995-4EB16E82C683}.Debug|x64.ActiveCfg = Debug|x64
		{4A7DB1AD-29C6-46E9-9995-4EB16E82C683}.Debug|x64.Build.0 = Debug|x64
		{4A7DB1AD-29C6-46E9-9995-4EB16E82C683}.Debug|x86.ActiveCfg = Debug|Win32
		{4A7DB1AD-29C6-46E9-9995-4EB16E82C683}.Debug|x86.Build.0 = Debug|Win32
		{4A7DB1AD-29C6-46E9-9995-4EB16E82C683}.Release|x64.ActiveCfg = Release|x64
		{4A7DB1AD-29C6-46E9-9995-4EB16E82C683}.Release|x64.Build.0 = Release|x64
		{4A7DB1AD-29C6-46E9-9995-4EB16E82C683}.Release|x86.ActiveCfg = Release|Win32
		{4A7DB1AD-29C6-46E9-9995-4EB16E82C683}.Release|x86.Build.0 = Release|Win32
		{BD660910-B3A8-495F-90D2-7CCCB3DED9A8}.Debug|x64.ActiveCfg = Debug|x64
		{BD660910-B3A8-495F-90D2-7CCCB3DED9A8}.Debug|x64.Build.0 = Debug|x64
		{BD660910-B3A8-495F-90D2-7CCCB3DED9A8}.Debug|x86.ActiveCfg = Debug|Win32
		{BD660910-B3A8-495F-90D2-7CCCB3DED9A8}.Debug|x86.Build.0 = Debug|Win32
		{BD660910-B3A8-495F-90D2-7CCCB3DED9A8}.Release|x64.ActiveCfg = Release|x64
		{BD660910-B3A8-495F-90D2-7CCCB3DED9A8}.Release|x64.Build.0 = Release|x64
		{BD660910-B3A8-495F-90D2-7CCCB3DED9A8}.Release|x86.ActiveCfg = Release|Win32
		{BD660910-B3A8-495F-90D2-7CCCB3DED9A8}.Release|x86.Build.0 = Release|Win32
		{98DC49B2-EB18-4F0A-811D-DA9AEF7C4C31}.Debug|x64.ActiveCfg = Debug|x64
		{98DC49B2-EB18-4F0A-811D-DA9AEF7C4C31}.Debug|x64.Build.0 = Debug|x64
		{98DC49B2-EB18-4F0A-811D-DA9AEF7C4C31}.Debug|x86.ActiveCfg = Debug|Win32
		{98DC49B2-EB18-4F0A-811D-DA9AEF7C4C31}.Debug|x86.Build.0 = Debug|Win32
		{98DC49B2-EB18-4F0A-811D-DA9AEF7C4C31}.Release|x64.ActiveCfg = Release|x64
		{98DC49B2-EB18-4F0A-811D-DA9AEF7C4C31}.Release|x64.Build.0 = Release|x64
		{98DC49B2-EB18-4F0A-811D-DA9AEF7C4C31}.Release|x86.ActiveCfg = Release|Win32
		{98DC49B2-EB18-4F0A-811D-DA9AEF7C4C31}.Release|x86.Build.0 = Release|Win32
		{A2296872-96D7-4197-AEF9-2AE7C0407F36}.Debug|x64.ActiveCfg = Debug|x64
		{A2296872-96D7-4197-AEF9-2AE7C0407F36}.Debug|x64.Build.0 = Debug|x64
		{A2296872-96D7-4197-AEF9-2AE7C0407F36}.Debug|x86.ActiveCfg = Debug|Win32
		{A2296872-96D7-4197-AEF9-2AE7C0407F36}.Debug|x86.Build.0 = Debug|Win32
		{A2296872-96D7-4197-AEF9-2AE7C0407F36}.Release|x64.ActiveCfg = Release|x64
		{A2296872-96D7-4197-AEF9-2AE7C0407F36}.Release|x64.Build.0 = Release|x64
		{A2296872-96D7-4197-AEF9-2AE7C0407F36}.Release|x86.ActiveCfg = Release|Win32
		{A2296872-96D7-4197-AEF9-2AE7C0407F36}.Release|x86.Build.0 = Release|Win32
		{E2D0C77F-1AEA-49FD-9877-4D4CE559F532}.Debug|x64.ActiveCfg = Debug|x64
		{E2D0C77F-1AEA-49FD-9877-4D4CE559F532}.Debug|x64.Build.0 = Debug|x64
		{E2D0C77F-1AEA-49FD-9877-4D4CE559F532}.Debug|x86.ActiveCfg = Debug|Win32
		{E2D0C77F-1AEA-49FD-9877-4D4CE559F532}.Debug|x86.Build.0 = Debug|Win32
		{E2D0C77F-1AEA-49FD-9877-4D4CE559F532}.Release|x64.ActiveCfg = Release|x64
		{E2D0C77F-1AEA-49FD-9877-4D4CE559F532}.Release|x64.Build.0 = Release|x64
		{E2D0C77F-1AEA-49FD-9877-4D4CE559F532}.Release|x86.ActiveCfg = Release|Win32
		{E2D0C77F-1AEA-49FD-9877-4D4CE559F532}.Release|x86.Build.0 = Release|Win32
		{2F30C82B-8F91-4BDE-8620-425024ECA89D}.Debug|x64.ActiveCfg = Debug|x64
		{2F30C82B-8F91-4BDE-8620-425024ECA89D}.Debug|x64.Build.0 = Debug|x64
		{2F30C82B-8F91-4BDE-8620-425024ECA89D}.Debug|x86.ActiveCfg = Debug|Win32
		{2F30C82B-8F91-4BDE-8620-425024ECA89D}.Debug|x86.Build.0 = Debug|Win32
		{2F30C82B-8F91-4BDE-8620-425024ECA89D}.Release|x64.ActiveCfg = Release|x64
		{2F30C82B-8F91-4BDE-8620-425024ECA89D}.Release|x64.Build.0 = Release|x64
		{2F30C82B-8F91-4BDE-8620-425024ECA89D}.Release|x86.ActiveCfg = Release|Win32
		{2F30C82B-8F91-4BDE-8620-425024ECA89D}.Release|x86.Build.0 = Release|Win32
	EndGlobalSection
	GlobalSection(SolutionProperties) = preSolution
		HideSolutionNode = FALSE
	EndGlobalSection
	GlobalSection(ExtensibilityGlobals) = postSolution
		SolutionGuid = {7512E4FE-B695-4B42-9F13-AC55BCFC9060}
	EndGlobalSection
EndGlobal
